// !$*UTF8*$!
{
	archiveVersion = 1;
	classes = {
	};
	objectVersion = 46;
	objects = {

/* Begin PBXBuildFile section */
		BA5BBA671E6211270070E885 /* AppDelegate.swift in Sources */ = {isa = PBXBuildFile; fileRef = BA5BBA661E6211270070E885 /* AppDelegate.swift */; };
		BA5BBA691E6211270070E885 /* ViewController.swift in Sources */ = {isa = PBXBuildFile; fileRef = BA5BBA681E6211270070E885 /* ViewController.swift */; };
		BA5BBA6C1E6211270070E885 /* Main.storyboard in Resources */ = {isa = PBXBuildFile; fileRef = BA5BBA6A1E6211270070E885 /* Main.storyboard */; };
		BA5BBA6E1E6211270070E885 /* Assets.xcassets in Resources */ = {isa = PBXBuildFile; fileRef = BA5BBA6D1E6211270070E885 /* Assets.xcassets */; };
		BA5BBA711E6211270070E885 /* LaunchScreen.storyboard in Resources */ = {isa = PBXBuildFile; fileRef = BA5BBA6F1E6211270070E885 /* LaunchScreen.storyboard */; };
		BA5BBA831E6214660070E885 /* black.png in Resources */ = {isa = PBXBuildFile; fileRef = BA5BBA791E6214660070E885 /* black.png */; };
		BA5BBA841E6214660070E885 /* blue.png in Resources */ = {isa = PBXBuildFile; fileRef = BA5BBA7A1E6214660070E885 /* blue.png */; };
		BA5BBA851E6214660070E885 /* brown.png in Resources */ = {isa = PBXBuildFile; fileRef = BA5BBA7B1E6214660070E885 /* brown.png */; };
		BA5BBA861E6214660070E885 /* eraser.png in Resources */ = {isa = PBXBuildFile; fileRef = BA5BBA7C1E6214660070E885 /* eraser.png */; };
		BA5BBA871E6214660070E885 /* green.png in Resources */ = {isa = PBXBuildFile; fileRef = BA5BBA7D1E6214660070E885 /* green.png */; };
		BA5BBA881E6214660070E885 /* grey.png in Resources */ = {isa = PBXBuildFile; fileRef = BA5BBA7E1E6214660070E885 /* grey.png */; };
		BA5BBA891E6214660070E885 /* orange.png in Resources */ = {isa = PBXBuildFile; fileRef = BA5BBA7F1E6214660070E885 /* orange.png */; };
		BA5BBA8A1E6214660070E885 /* purple.png in Resources */ = {isa = PBXBuildFile; fileRef = BA5BBA801E6214660070E885 /* purple.png */; };
		BA5BBA8B1E6214660070E885 /* red.png in Resources */ = {isa = PBXBuildFile; fileRef = BA5BBA811E6214660070E885 /* red.png */; };
		BA5BBA8C1E6214660070E885 /* yellow.png in Resources */ = {isa = PBXBuildFile; fileRef = BA5BBA821E6214660070E885 /* yellow.png */; };
		BA5BBA8E1E6241880070E885 /* SettingsViewController.swift in Sources */ = {isa = PBXBuildFile; fileRef = BA5BBA8D1E6241880070E885 /* SettingsViewController.swift */; };
/* End PBXBuildFile section */

/* Begin PBXFileReference section */
		BA5BBA631E6211270070E885 /* DrawingApp.app */ = {isa = PBXFileReference; explicitFileType = wrapper.application; includeInIndex = 0; path = DrawingApp.app; sourceTree = BUILT_PRODUCTS_DIR; };
		BA5BBA661E6211270070E885 /* AppDelegate.swift */ = {isa = PBXFileReference; lastKnownFileType = sourcecode.swift; path = AppDelegate.swift; sourceTree = "<group>"; };
		BA5BBA681E6211270070E885 /* ViewController.swift */ = {isa = PBXFileReference; lastKnownFileType = sourcecode.swift; path = ViewController.swift; sourceTree = "<group>"; };
		BA5BBA6B1E6211270070E885 /* Base */ = {isa = PBXFileReference; lastKnownFileType = file.storyboard; name = Base; path = Base.lproj/Main.storyboard; sourceTree = "<group>"; };
		BA5BBA6D1E6211270070E885 /* Assets.xcassets */ = {isa = PBXFileReference; lastKnownFileType = folder.assetcatalog; path = Assets.xcassets; sourceTree = "<group>"; };
		BA5BBA701E6211270070E885 /* Base */ = {isa = PBXFileReference; lastKnownFileType = file.storyboard; name = Base; path = Base.lproj/LaunchScreen.storyboard; sourceTree = "<group>"; };
		BA5BBA721E6211270070E885 /* Info.plist */ = {isa = PBXFileReference; lastKnownFileType = text.plist.xml; path = Info.plist; sourceTree = "<group>"; };
		BA5BBA791E6214660070E885 /* black.png */ = {isa = PBXFileReference; lastKnownFileType = image.png; path = black.png; sourceTree = "<group>"; };
		BA5BBA7A1E6214660070E885 /* blue.png */ = {isa = PBXFileReference; lastKnownFileType = image.png; path = blue.png; sourceTree = "<group>"; };
		BA5BBA7B1E6214660070E885 /* brown.png */ = {isa = PBXFileReference; lastKnownFileType = image.png; path = brown.png; sourceTree = "<group>"; };
		BA5BBA7C1E6214660070E885 /* eraser.png */ = {isa = PBXFileReference; lastKnownFileType = image.png; path = eraser.png; sourceTree = "<group>"; };
		BA5BBA7D1E6214660070E885 /* green.png */ = {isa = PBXFileReference; lastKnownFileType = image.png; path = green.png; sourceTree = "<group>"; };
		BA5BBA7E1E6214660070E885 /* grey.png */ = {isa = PBXFileReference; lastKnownFileType = image.png; path = grey.png; sourceTree = "<group>"; };
		BA5BBA7F1E6214660070E885 /* orange.png */ = {isa = PBXFileReference; lastKnownFileType = image.png; path = orange.png; sourceTree = "<group>"; };
		BA5BBA801E6214660070E885 /* purple.png */ = {isa = PBXFileReference; lastKnownFileType = image.png; path = purple.png; sourceTree = "<group>"; };
		BA5BBA811E6214660070E885 /* red.png */ = {isa = PBXFileReference; lastKnownFileType = image.png; path = red.png; sourceTree = "<group>"; };
		BA5BBA821E6214660070E885 /* yellow.png */ = {isa = PBXFileReference; lastKnownFileType = image.png; path = yellow.png; sourceTree = "<group>"; };
		BA5BBA8D1E6241880070E885 /* SettingsViewController.swift */ = {isa = PBXFileReference; fileEncoding = 4; lastKnownFileType = sourcecode.swift; path = SettingsViewController.swift; sourceTree = "<group>"; };
/* End PBXFileReference section */

/* Begin PBXFrameworksBuildPhase section */
		BA5BBA601E6211270070E885 /* Frameworks */ = {
			isa = PBXFrameworksBuildPhase;
			buildActionMask = 2147483647;
			files = (
			);
			runOnlyForDeploymentPostprocessing = 0;
		};
/* End PBXFrameworksBuildPhase section */

/* Begin PBXGroup section */
		BA5BBA5A1E6211270070E885 = {
			isa = PBXGroup;
			children = (
				BA5BBA651E6211270070E885 /* DrawingApp */,
				BA5BBA641E6211270070E885 /* Products */,
			);
			sourceTree = "<group>";
		};
		BA5BBA641E6211270070E885 /* Products */ = {
			isa = PBXGroup;
			children = (
				BA5BBA631E6211270070E885 /* DrawingApp.app */,
			);
			name = Products;
			sourceTree = "<group>";
		};
		BA5BBA651E6211270070E885 /* DrawingApp */ = {
			isa = PBXGroup;
			children = (
				BA5BBA781E6214660070E885 /* crayons */,
				BA5BBA661E6211270070E885 /* AppDelegate.swift */,
				BA5BBA681E6211270070E885 /* ViewController.swift */,
				BA5BBA6A1E6211270070E885 /* Main.storyboard */,
				BA5BBA8D1E6241880070E885 /* SettingsViewController.swift */,
				BA5BBA6D1E6211270070E885 /* Assets.xcassets */,
				BA5BBA6F1E6211270070E885 /* LaunchScreen.storyboard */,
				BA5BBA721E6211270070E885 /* Info.plist */,
			);
			path = DrawingApp;
			sourceTree = "<group>";
		};
		BA5BBA781E6214660070E885 /* crayons */ = {
			isa = PBXGroup;
			children = (
				BA5BBA791E6214660070E885 /* black.png */,
				BA5BBA7A1E6214660070E885 /* blue.png */,
				BA5BBA7B1E6214660070E885 /* brown.png */,
				BA5BBA7C1E6214660070E885 /* eraser.png */,
				BA5BBA7D1E6214660070E885 /* green.png */,
				BA5BBA7E1E6214660070E885 /* grey.png */,
				BA5BBA7F1E6214660070E885 /* orange.png */,
				BA5BBA801E6214660070E885 /* purple.png */,
				BA5BBA811E6214660070E885 /* red.png */,
				BA5BBA821E6214660070E885 /* yellow.png */,
			);
			path = crayons;
			sourceTree = "<group>";
		};
/* End PBXGroup section */

/* Begin PBXNativeTarget section */
		BA5BBA621E6211270070E885 /* DrawingApp */ = {
			isa = PBXNativeTarget;
			buildConfigurationList = BA5BBA751E6211270070E885 /* Build configuration list for PBXNativeTarget "DrawingApp" */;
			buildPhases = (
				BA5BBA5F1E6211270070E885 /* Sources */,
				BA5BBA601E6211270070E885 /* Frameworks */,
				BA5BBA611E6211270070E885 /* Resources */,
			);
			buildRules = (
			);
			dependencies = (
			);
			name = DrawingApp;
			productName = DrawingApp;
			productReference = BA5BBA631E6211270070E885 /* DrawingApp.app */;
			productType = "com.apple.product-type.application";
		};
/* End PBXNativeTarget section */

/* Begin PBXProject section */
		BA5BBA5B1E6211270070E885 /* Project object */ = {
			isa = PBXProject;
			attributes = {
				LastSwiftUpdateCheck = 0820;
				LastUpgradeCheck = 0820;
				ORGANIZATIONNAME = "Henry Aguinaga";
				TargetAttributes = {
					BA5BBA621E6211270070E885 = {
						CreatedOnToolsVersion = 8.2.1;
						DevelopmentTeam = ZGKM2V59UB;
						ProvisioningStyle = Automatic;
					};
				};
			};
			buildConfigurationList = BA5BBA5E1E6211270070E885 /* Build configuration list for PBXProject "DrawingApp" */;
			compatibilityVersion = "Xcode 3.2";
			developmentRegion = English;
			hasScannedForEncodings = 0;
			knownRegions = (
				en,
				Base,
			);
			mainGroup = BA5BBA5A1E6211270070E885;
			productRefGroup = BA5BBA641E6211270070E885 /* Products */;
			projectDirPath = "";
			projectRoot = "";
			targets = (
				BA5BBA621E6211270070E885 /* DrawingApp */,
			);
		};
/* End PBXProject section */

/* Begin PBXResourcesBuildPhase section */
		BA5BBA611E6211270070E885 /* Resources */ = {
			isa = PBXResourcesBuildPhase;
			buildActionMask = 2147483647;
			files = (
				BA5BBA8A1E6214660070E885 /* purple.png in Resources */,
				BA5BBA711E6211270070E885 /* LaunchScreen.storyboard in Resources */,
				BA5BBA861E6214660070E885 /* eraser.png in Resources */,
				BA5BBA881E6214660070E885 /* grey.png in Resources */,
				BA5BBA891E6214660070E885 /* orange.png in Resources */,
				BA5BBA841E6214660070E885 /* blue.png in Resources */,
				BA5BBA8C1E6214660070E885 /* yellow.png in Resources */,
				BA5BBA851E6214660070E885 /* brown.png in Resources */,
				BA5BBA831E6214660070E885 /* black.png in Resources */,
				BA5BBA871E6214660070E885 /* green.png in Resources */,
				BA5BBA8B1E6214660070E885 /* red.png in Resources */,
				BA5BBA6E1E6211270070E885 /* Assets.xcassets in Resources */,
				BA5BBA6C1E6211270070E885 /* Main.storyboard in Resources */,
			);
			runOnlyForDeploymentPostprocessing = 0;
		};
/* End PBXResourcesBuildPhase section */

/* Begin PBXSourcesBuildPhase section */
		BA5BBA5F1E6211270070E885 /* Sources */ = {
			isa = PBXSourcesBuildPhase;
			buildActionMask = 2147483647;
			files = (
				BA5BBA691E6211270070E885 /* ViewController.swift in Sources */,
				BA5BBA671E6211270070E885 /* AppDelegate.swift in Sources */,
				BA5BBA8E1E6241880070E885 /* SettingsViewController.swift in Sources */,
			);
			runOnlyForDeploymentPostprocessing = 0;
		};
/* End PBXSourcesBuildPhase section */

/* Begin PBXVariantGroup section */
		BA5BBA6A1E6211270070E885 /* Main.storyboard */ = {
			isa = PBXVariantGroup;
			children = (
				BA5BBA6B1E6211270070E885 /* Base */,
			);
			name = Main.storyboard;
			sourceTree = "<group>";
		};
		BA5BBA6F1E6211270070E885 /* LaunchScreen.storyboard */ = {
			isa = PBXVariantGroup;
			children = (
				BA5BBA701E6211270070E885 /* Base */,
			);
			name = LaunchScreen.storyboard;
			sourceTree = "<group>";
		};
/* End PBXVariantGroup section */

/* Begin XCBuildConfiguration section */
		BA5BBA731E6211270070E885 /* Debug */ = {
			isa = XCBuildConfiguration;
			buildSettings = {
				ALWAYS_SEARCH_USER_PATHS = NO;
				CLANG_ANALYZER_NONNULL = YES;
				CLANG_CXX_LANGUAGE_STANDARD = "gnu++0x";
				CLANG_CXX_LIBRARY = "libc++";
				CLANG_ENABLE_MODULES = YES;
				CLANG_ENABLE_OBJC_ARC = YES;
				CLANG_WARN_BOOL_CONVERSION = YES;
				CLANG_WARN_CONSTANT_CONVERSION = YES;
				CLANG_WARN_DIRECT_OBJC_ISA_USAGE = YES_ERROR;
				CLANG_WARN_DOCUMENTATION_COMMENTS = YES;
				CLANG_WARN_EMPTY_BODY = YES;
				CLANG_WARN_ENUM_CONVERSION = YES;
				CLANG_WARN_INFINITE_RECURSION = YES;
				CLANG_WARN_INT_CONVERSION = YES;
				CLANG_WARN_OBJC_ROOT_CLASS = YES_ERROR;
				CLANG_WARN_SUSPICIOUS_MOVE = YES;
				CLANG_WARN_UNREACHABLE_CODE = YES;
				CLANG_WARN__DUPLICATE_METHOD_MATCH = YES;
				"CODE_SIGN_IDENTITY[sdk=iphoneos*]" = "iPhone Developer";
				COPY_PHASE_STRIP = NO;
				DEBUG_INFORMATION_FORMAT = dwarf;
				ENABLE_STRICT_OBJC_MSGSEND = YES;
				ENABLE_TESTABILITY = YES;
				GCC_C_LANGUAGE_STANDARD = gnu99;
				GCC_DYNAMIC_NO_PIC = NO;
				GCC_NO_COMMON_BLOCKS = YES;
				GCC_OPTIMIZATION_LEVEL = 0;
				GCC_PREPROCESSOR_DEFINITIONS = (
					"DEBUG=1",
					"$(inherited)",
				);
				GCC_WARN_64_TO_32_BIT_CONVERSION = YES;
				GCC_WARN_ABOUT_RETURN_TYPE = YES_ERROR;
				GCC_WARN_UNDECLARED_SELECTOR = YES;
				GCC_WARN_UNINITIALIZED_AUTOS = YES_AGGRESSIVE;
				GCC_WARN_UNUSED_FUNCTION = YES;
				GCC_WARN_UNUSED_VARIABLE = YES;
				IPHONEOS_DEPLOYMENT_TARGET = 10.2;
				MTL_ENABLE_DEBUG_INFO = YES;
				ONLY_ACTIVE_ARCH = YES;
				SDKROOT = iphoneos;
				SWIFT_ACTIVE_COMPILATION_CONDITIONS = DEBUG;
				SWIFT_OPTIMIZATION_LEVEL = "-Onone";
				TARGETED_DEVICE_FAMILY = "1,2";
			};
			name = Debug;
		};
		BA5BBA741E6211270070E885 /* Release */ = {
			isa = XCBuildConfiguration;
			buildSettings = {
				ALWAYS_SEARCH_USER_PATHS = NO;
				CLANG_ANALYZER_NONNULL = YES;
				CLANG_CXX_LANGUAGE_STANDARD = "gnu++0x";
				CLANG_CXX_LIBRARY = "libc++";
				CLANG_ENABLE_MODULES = YES;
				CLANG_ENABLE_OBJC_ARC = YES;
				CLANG_WARN_BOOL_CONVERSION = YES;
				CLANG_WARN_CONSTANT_CONVERSION = YES;
				CLANG_WARN_DIRECT_OBJC_ISA_USAGE = YES_ERROR;
				CLANG_WARN_DOCUMENTATION_COMMENTS = YES;
				CLANG_WARN_EMPTY_BODY = YES;
				CLANG_WARN_ENUM_CONVERSION = YES;
				CLANG_WARN_INFINITE_RECURSION = YES;
				CLANG_WARN_INT_CONVERSION = YES;
				CLANG_WARN_OBJC_ROOT_CLASS = YES_ERROR;
				CLANG_WARN_SUSPICIOUS_MOVE = YES;
				CLANG_WARN_UNREACHABLE_CODE = YES;
				CLANG_WARN__DUPLICATE_METHOD_MATCH = YES;
				"CODE_SIGN_IDENTITY[sdk=iphoneos*]" = "iPhone Developer";
				COPY_PHASE_STRIP = NO;
				DEBUG_INFORMATION_FORMAT = "dwarf-with-dsym";
				ENABLE_NS_ASSERTIONS = NO;
				ENABLE_STRICT_OBJC_MSGSEND = YES;
				GCC_C_LANGUAGE_STANDARD = gnu99;
				GCC_NO_COMMON_BLOCKS = YES;
				GCC_WARN_64_TO_32_BIT_CONVERSION = YES;
				GCC_WARN_ABOUT_RETURN_TYPE = YES_ERROR;
				GCC_WARN_UNDECLARED_SELECTOR = YES;
				GCC_WARN_UNINITIALIZED_AUTOS = YES_AGGRESSIVE;
				GCC_WARN_UNUSED_FUNCTION = YES;
				GCC_WARN_UNUSED_VARIABLE = YES;
				IPHONEOS_DEPLOYMENT_TARGET = 10.2;
				MTL_ENABLE_DEBUG_INFO = NO;
				SDKROOT = iphoneos;
				SWIFT_OPTIMIZATION_LEVEL = "-Owholemodule";
				TARGETED_DEVICE_FAMILY = "1,2";
				VALIDATE_PRODUCT = YES;
			};
			name = Release;
		};
		BA5BBA761E6211270070E885 /* Debug */ = {
			isa = XCBuildConfiguration;
			buildSettings = {
				ASSETCATALOG_COMPILER_APPICON_NAME = AppIcon;
				DEVELOPMENT_TEAM = ZGKM2V59UB;
				INFOPLIST_FILE = DrawingApp/Info.plist;
				LD_RUNPATH_SEARCH_PATHS = "$(inherited) @executable_path/Frameworks";
				PRODUCT_BUNDLE_IDENTIFIER = com.henry.DrawingApp;
				PRODUCT_NAME = "$(TARGET_NAME)";
				SWIFT_VERSION = 3.0;
				TARGETED_DEVICE_FAMILY = "1,2";
			};
			name = Debug;
		};
		BA5BBA771E6211270070E885 /* Release */ = {
			isa = XCBuildConfiguration;
			buildSettings = {
				ASSETCATALOG_COMPILER_APPICON_NAME = AppIcon;
				DEVELOPMENT_TEAM = ZGKM2V59UB;
				INFOPLIST_FILE = DrawingApp/Info.plist;
				LD_RUNPATH_SEARCH_PATHS = "$(inherited) @executable_path/Frameworks";
				PRODUCT_BUNDLE_IDENTIFIER = com.henry.DrawingApp;
				PRODUCT_NAME = "$(TARGET_NAME)";
				SWIFT_VERSION = 3.0;
				TARGETED_DEVICE_FAMILY = "1,2";
			};
			name = Release;
		};
/* End XCBuildConfiguration section */

/* Begin XCConfigurationList section */
		BA5BBA5E1E6211270070E885 /* Build configuration list for PBXProject "DrawingApp" */ = {
			isa = XCConfigurationList;
			buildConfigurations = (
				BA5BBA731E6211270070E885 /* Debug */,
				BA5BBA741E6211270070E885 /* Release */,
			);
			defaultConfigurationIsVisible = 0;
			defaultConfigurationName = Release;
		};
		BA5BBA751E6211270070E885 /* Build configuration list for PBXNativeTarget "DrawingApp" */ = {
			isa = XCConfigurationList;
			buildConfigurations = (
				BA5BBA761E6211270070E885 /* Debug */,
				BA5BBA771E6211270070E885 /* Release */,
			);
			defaultConfigurationIsVisible = 0;
			defaultConfigurationName = Release;
		};
/* End XCConfigurationList section */
	};
	rootObject = BA5BBA5B1E6211270070E885 /* Project object */;
}
